// !$*UTF8*$!
{
	archiveVersion = 1;
	classes = {
	};
	objectVersion = 77;
	objects = {

/* Begin PBXBuildFile section */
		200939EC2E3BE20A0005A541 /* Moya in Frameworks */ = {isa = PBXBuildFile; productRef = 200939EB2E3BE20A0005A541 /* Moya */; };
		200939EF2E3BE2500005A541 /* KakaoSDK in Frameworks */ = {isa = PBXBuildFile; productRef = 200939EE2E3BE2500005A541 /* KakaoSDK */; };
		200939F12E3BE2500005A541 /* KakaoSDKAuth in Frameworks */ = {isa = PBXBuildFile; productRef = 200939F02E3BE2500005A541 /* KakaoSDKAuth */; };
		200939F32E3BE2500005A541 /* KakaoSDKCommon in Frameworks */ = {isa = PBXBuildFile; productRef = 200939F22E3BE2500005A541 /* KakaoSDKCommon */; };
		20CCA2612E3C66FA00F87128 /* KakaoSDKCert in Frameworks */ = {isa = PBXBuildFile; productRef = 20CCA2602E3C66FA00F87128 /* KakaoSDKCert */; };
		20CCA2632E3C66FA00F87128 /* KakaoSDKCertCore in Frameworks */ = {isa = PBXBuildFile; productRef = 20CCA2622E3C66FA00F87128 /* KakaoSDKCertCore */; };
		232705BF2E4E461D0013A072 /* FirebaseCore in Frameworks */ = {isa = PBXBuildFile; productRef = 232705BE2E4E461D0013A072 /* FirebaseCore */; };
		232705C12E4E461D0013A072 /* FirebaseMessaging in Frameworks */ = {isa = PBXBuildFile; productRef = 232705C02E4E461D0013A072 /* FirebaseMessaging */; };
		238BB8142E16CEA100E7C5B8 /* Alamofire in Frameworks */ = {isa = PBXBuildFile; productRef = 238BB8132E16CEA100E7C5B8 /* Alamofire */; };
		238BB8172E16CEBE00E7C5B8 /* Kingfisher in Frameworks */ = {isa = PBXBuildFile; productRef = 238BB8162E16CEBE00E7C5B8 /* Kingfisher */; };
		441FBD832E3CD8C800B45DD0 /* FirebaseAnalytics in Frameworks */ = {isa = PBXBuildFile; productRef = 441FBD822E3CD8C800B45DD0 /* FirebaseAnalytics */; };
/* End PBXBuildFile section */

/* Begin PBXFileReference section */
		238562CE2E0F0E2E008F25B1 /* CoreDisc.app */ = {isa = PBXFileReference; explicitFileType = wrapper.application; includeInIndex = 0; path = CoreDisc.app; sourceTree = BUILT_PRODUCTS_DIR; };
/* End PBXFileReference section */

/* Begin PBXFileSystemSynchronizedBuildFileExceptionSet section */
		238BB7D62E16290700E7C5B8 /* Exceptions for "CoreDisc" folder in "CoreDisc" target */ = {
			isa = PBXFileSystemSynchronizedBuildFileExceptionSet;
			membershipExceptions = (
				Info.plist,
			);
			target = 238562CD2E0F0E2E008F25B1 /* CoreDisc */;
		};
/* End PBXFileSystemSynchronizedBuildFileExceptionSet section */

/* Begin PBXFileSystemSynchronizedRootGroup section */
		238562D02E0F0E2E008F25B1 /* CoreDisc */ = {
			isa = PBXFileSystemSynchronizedRootGroup;
			exceptions = (
				238BB7D62E16290700E7C5B8 /* Exceptions for "CoreDisc" folder in "CoreDisc" target */,
			);
			path = CoreDisc;
			sourceTree = "<group>";
		};
/* End PBXFileSystemSynchronizedRootGroup section */

/* Begin PBXFrameworksBuildPhase section */
		238562CB2E0F0E2E008F25B1 /* Frameworks */ = {
			isa = PBXFrameworksBuildPhase;
			buildActionMask = 2147483647;
			files = (
				441FBD832E3CD8C800B45DD0 /* FirebaseAnalytics in Frameworks */,
				20CCA2632E3C66FA00F87128 /* KakaoSDKCertCore in Frameworks */,
				238BB8172E16CEBE00E7C5B8 /* Kingfisher in Frameworks */,
				200939EF2E3BE2500005A541 /* KakaoSDK in Frameworks */,
				238BB8142E16CEA100E7C5B8 /* Alamofire in Frameworks */,
				200939EC2E3BE20A0005A541 /* Moya in Frameworks */,
				232705BF2E4E461D0013A072 /* FirebaseCore in Frameworks */,
				200939F32E3BE2500005A541 /* KakaoSDKCommon in Frameworks */,
				20CCA2612E3C66FA00F87128 /* KakaoSDKCert in Frameworks */,
				232705C12E4E461D0013A072 /* FirebaseMessaging in Frameworks */,
				200939F12E3BE2500005A541 /* KakaoSDKAuth in Frameworks */,
			);
			runOnlyForDeploymentPostprocessing = 0;
		};
/* End PBXFrameworksBuildPhase section */

/* Begin PBXGroup section */
		238562C52E0F0E2E008F25B1 = {
			isa = PBXGroup;
			children = (
				238562D02E0F0E2E008F25B1 /* CoreDisc */,
				238562CF2E0F0E2E008F25B1 /* Products */,
			);
			sourceTree = "<group>";
		};
		238562CF2E0F0E2E008F25B1 /* Products */ = {
			isa = PBXGroup;
			children = (
				238562CE2E0F0E2E008F25B1 /* CoreDisc.app */,
			);
			name = Products;
			sourceTree = "<group>";
		};
/* End PBXGroup section */

/* Begin PBXNativeTarget section */
		238562CD2E0F0E2E008F25B1 /* CoreDisc */ = {
			isa = PBXNativeTarget;
			buildConfigurationList = 238562D92E0F0E2F008F25B1 /* Build configuration list for PBXNativeTarget "CoreDisc" */;
			buildPhases = (
				238562CA2E0F0E2E008F25B1 /* Sources */,
				238562CB2E0F0E2E008F25B1 /* Frameworks */,
				238562CC2E0F0E2E008F25B1 /* Resources */,
			);
			buildRules = (
			);
			dependencies = (
			);
			fileSystemSynchronizedGroups = (
				238562D02E0F0E2E008F25B1 /* CoreDisc */,
			);
			name = CoreDisc;
			packageProductDependencies = (
				238BB8132E16CEA100E7C5B8 /* Alamofire */,
				238BB8162E16CEBE00E7C5B8 /* Kingfisher */,
				441FBD822E3CD8C800B45DD0 /* FirebaseAnalytics */,
				200939EB2E3BE20A0005A541 /* Moya */,
				200939EE2E3BE2500005A541 /* KakaoSDK */,
				200939F02E3BE2500005A541 /* KakaoSDKAuth */,
				200939F22E3BE2500005A541 /* KakaoSDKCommon */,
				20CCA2602E3C66FA00F87128 /* KakaoSDKCert */,
				20CCA2622E3C66FA00F87128 /* KakaoSDKCertCore */,
				232705BE2E4E461D0013A072 /* FirebaseCore */,
				232705C02E4E461D0013A072 /* FirebaseMessaging */,
			);
			productName = CoreDisc;
			productReference = 238562CE2E0F0E2E008F25B1 /* CoreDisc.app */;
			productType = "com.apple.product-type.application";
		};
/* End PBXNativeTarget section */

/* Begin PBXProject section */
		238562C62E0F0E2E008F25B1 /* Project object */ = {
			isa = PBXProject;
			attributes = {
				BuildIndependentTargetsInParallel = 1;
				LastSwiftUpdateCheck = 1630;
				LastUpgradeCheck = 1630;
				TargetAttributes = {
					238562CD2E0F0E2E008F25B1 = {
						CreatedOnToolsVersion = 16.3;
					};
				};
			};
			buildConfigurationList = 238562C92E0F0E2E008F25B1 /* Build configuration list for PBXProject "CoreDisc" */;
			developmentRegion = en;
			hasScannedForEncodings = 0;
			knownRegions = (
				en,
				Base,
			);
			mainGroup = 238562C52E0F0E2E008F25B1;
			minimizedProjectReferenceProxies = 1;
			packageReferences = (
				238BB8122E16CEA100E7C5B8 /* XCRemoteSwiftPackageReference "Alamofire" */,
				238BB8152E16CEBE00E7C5B8 /* XCRemoteSwiftPackageReference "Kingfisher" */,
				441FBD812E3CD8C800B45DD0 /* XCRemoteSwiftPackageReference "firebase-ios-sdk" */,
				200939EA2E3BE20A0005A541 /* XCRemoteSwiftPackageReference "Moya" */,
				200939ED2E3BE2500005A541 /* XCRemoteSwiftPackageReference "kakao-ios-sdk" */,
			);
			preferredProjectObjectVersion = 77;
			productRefGroup = 238562CF2E0F0E2E008F25B1 /* Products */;
			projectDirPath = "";
			projectRoot = "";
			targets = (
				238562CD2E0F0E2E008F25B1 /* CoreDisc */,
			);
		};
/* End PBXProject section */

/* Begin PBXResourcesBuildPhase section */
		238562CC2E0F0E2E008F25B1 /* Resources */ = {
			isa = PBXResourcesBuildPhase;
			buildActionMask = 2147483647;
			files = (
			);
			runOnlyForDeploymentPostprocessing = 0;
		};
/* End PBXResourcesBuildPhase section */

/* Begin PBXSourcesBuildPhase section */
		238562CA2E0F0E2E008F25B1 /* Sources */ = {
			isa = PBXSourcesBuildPhase;
			buildActionMask = 2147483647;
			files = (
			);
			runOnlyForDeploymentPostprocessing = 0;
		};
/* End PBXSourcesBuildPhase section */

/* Begin XCBuildConfiguration section */
		238562D72E0F0E2F008F25B1 /* Debug */ = {
			isa = XCBuildConfiguration;
			baseConfigurationReferenceAnchor = 238562D02E0F0E2E008F25B1 /* CoreDisc */;
			baseConfigurationReferenceRelativePath = Secret.xcconfig;
			buildSettings = {
				ALWAYS_SEARCH_USER_PATHS = NO;
				ASSETCATALOG_COMPILER_GENERATE_SWIFT_ASSET_SYMBOL_EXTENSIONS = YES;
				CLANG_ANALYZER_NONNULL = YES;
				CLANG_ANALYZER_NUMBER_OBJECT_CONVERSION = YES_AGGRESSIVE;
				CLANG_CXX_LANGUAGE_STANDARD = "gnu++20";
				CLANG_ENABLE_MODULES = YES;
				CLANG_ENABLE_OBJC_ARC = YES;
				CLANG_ENABLE_OBJC_WEAK = YES;
				CLANG_WARN_BLOCK_CAPTURE_AUTORELEASING = YES;
				CLANG_WARN_BOOL_CONVERSION = YES;
				CLANG_WARN_COMMA = YES;
				CLANG_WARN_CONSTANT_CONVERSION = YES;
				CLANG_WARN_DEPRECATED_OBJC_IMPLEMENTATIONS = YES;
				CLANG_WARN_DIRECT_OBJC_ISA_USAGE = YES_ERROR;
				CLANG_WARN_DOCUMENTATION_COMMENTS = YES;
				CLANG_WARN_EMPTY_BODY = YES;
				CLANG_WARN_ENUM_CONVERSION = YES;
				CLANG_WARN_INFINITE_RECURSION = YES;
				CLANG_WARN_INT_CONVERSION = YES;
				CLANG_WARN_NON_LITERAL_NULL_CONVERSION = YES;
				CLANG_WARN_OBJC_IMPLICIT_RETAIN_SELF = YES;
				CLANG_WARN_OBJC_LITERAL_CONVERSION = YES;
				CLANG_WARN_OBJC_ROOT_CLASS = YES_ERROR;
				CLANG_WARN_QUOTED_INCLUDE_IN_FRAMEWORK_HEADER = YES;
				CLANG_WARN_RANGE_LOOP_ANALYSIS = YES;
				CLANG_WARN_STRICT_PROTOTYPES = YES;
				CLANG_WARN_SUSPICIOUS_MOVE = YES;
				CLANG_WARN_UNGUARDED_AVAILABILITY = YES_AGGRESSIVE;
				CLANG_WARN_UNREACHABLE_CODE = YES;
				CLANG_WARN__DUPLICATE_METHOD_MATCH = YES;
				COPY_PHASE_STRIP = NO;
				DEBUG_INFORMATION_FORMAT = dwarf;
				DEVELOPMENT_TEAM = G8X4BWGTSS;
				ENABLE_STRICT_OBJC_MSGSEND = YES;
				ENABLE_TESTABILITY = YES;
				ENABLE_USER_SCRIPT_SANDBOXING = YES;
				GCC_C_LANGUAGE_STANDARD = gnu17;
				GCC_DYNAMIC_NO_PIC = NO;
				GCC_NO_COMMON_BLOCKS = YES;
				GCC_OPTIMIZATION_LEVEL = 0;
				GCC_PREPROCESSOR_DEFINITIONS = (
					"DEBUG=1",
					"$(inherited)",
				);
				GCC_WARN_64_TO_32_BIT_CONVERSION = YES;
				GCC_WARN_ABOUT_RETURN_TYPE = YES_ERROR;
				GCC_WARN_UNDECLARED_SELECTOR = YES;
				GCC_WARN_UNINITIALIZED_AUTOS = YES_AGGRESSIVE;
				GCC_WARN_UNUSED_FUNCTION = YES;
				GCC_WARN_UNUSED_VARIABLE = YES;
				IPHONEOS_DEPLOYMENT_TARGET = 18.4;
				LOCALIZATION_PREFERS_STRING_CATALOGS = YES;
				MTL_ENABLE_DEBUG_INFO = INCLUDE_SOURCE;
				MTL_FAST_MATH = YES;
				ONLY_ACTIVE_ARCH = YES;
				SDKROOT = iphoneos;
				SWIFT_ACTIVE_COMPILATION_CONDITIONS = "DEBUG $(inherited)";
				SWIFT_OPTIMIZATION_LEVEL = "-Onone";
			};
			name = Debug;
		};
		238562D82E0F0E2F008F25B1 /* Release */ = {
			isa = XCBuildConfiguration;
			baseConfigurationReferenceAnchor = 238562D02E0F0E2E008F25B1 /* CoreDisc */;
			baseConfigurationReferenceRelativePath = Secret.xcconfig;
			buildSettings = {
				ALWAYS_SEARCH_USER_PATHS = NO;
				ASSETCATALOG_COMPILER_GENERATE_SWIFT_ASSET_SYMBOL_EXTENSIONS = YES;
				CLANG_ANALYZER_NONNULL = YES;
				CLANG_ANALYZER_NUMBER_OBJECT_CONVERSION = YES_AGGRESSIVE;
				CLANG_CXX_LANGUAGE_STANDARD = "gnu++20";
				CLANG_ENABLE_MODULES = YES;
				CLANG_ENABLE_OBJC_ARC = YES;
				CLANG_ENABLE_OBJC_WEAK = YES;
				CLANG_WARN_BLOCK_CAPTURE_AUTORELEASING = YES;
				CLANG_WARN_BOOL_CONVERSION = YES;
				CLANG_WARN_COMMA = YES;
				CLANG_WARN_CONSTANT_CONVERSION = YES;
				CLANG_WARN_DEPRECATED_OBJC_IMPLEMENTATIONS = YES;
				CLANG_WARN_DIRECT_OBJC_ISA_USAGE = YES_ERROR;
				CLANG_WARN_DOCUMENTATION_COMMENTS = YES;
				CLANG_WARN_EMPTY_BODY = YES;
				CLANG_WARN_ENUM_CONVERSION = YES;
				CLANG_WARN_INFINITE_RECURSION = YES;
				CLANG_WARN_INT_CONVERSION = YES;
				CLANG_WARN_NON_LITERAL_NULL_CONVERSION = YES;
				CLANG_WARN_OBJC_IMPLICIT_RETAIN_SELF = YES;
				CLANG_WARN_OBJC_LITERAL_CONVERSION = YES;
				CLANG_WARN_OBJC_ROOT_CLASS = YES_ERROR;
				CLANG_WARN_QUOTED_INCLUDE_IN_FRAMEWORK_HEADER = YES;
				CLANG_WARN_RANGE_LOOP_ANALYSIS = YES;
				CLANG_WARN_STRICT_PROTOTYPES = YES;
				CLANG_WARN_SUSPICIOUS_MOVE = YES;
				CLANG_WARN_UNGUARDED_AVAILABILITY = YES_AGGRESSIVE;
				CLANG_WARN_UNREACHABLE_CODE = YES;
				CLANG_WARN__DUPLICATE_METHOD_MATCH = YES;
				COPY_PHASE_STRIP = NO;
				DEBUG_INFORMATION_FORMAT = "dwarf-with-dsym";
				DEVELOPMENT_TEAM = G8X4BWGTSS;
				ENABLE_NS_ASSERTIONS = NO;
				ENABLE_STRICT_OBJC_MSGSEND = YES;
				ENABLE_USER_SCRIPT_SANDBOXING = YES;
				GCC_C_LANGUAGE_STANDARD = gnu17;
				GCC_NO_COMMON_BLOCKS = YES;
				GCC_WARN_64_TO_32_BIT_CONVERSION = YES;
				GCC_WARN_ABOUT_RETURN_TYPE = YES_ERROR;
				GCC_WARN_UNDECLARED_SELECTOR = YES;
				GCC_WARN_UNINITIALIZED_AUTOS = YES_AGGRESSIVE;
				GCC_WARN_UNUSED_FUNCTION = YES;
				GCC_WARN_UNUSED_VARIABLE = YES;
				IPHONEOS_DEPLOYMENT_TARGET = 18.4;
				LOCALIZATION_PREFERS_STRING_CATALOGS = YES;
				MTL_ENABLE_DEBUG_INFO = NO;
				MTL_FAST_MATH = YES;
				SDKROOT = iphoneos;
				SWIFT_COMPILATION_MODE = wholemodule;
				VALIDATE_PRODUCT = YES;
			};
			name = Release;
		};
		238562DA2E0F0E2F008F25B1 /* Debug */ = {
			isa = XCBuildConfiguration;
			baseConfigurationReferenceAnchor = 238562D02E0F0E2E008F25B1 /* CoreDisc */;
			baseConfigurationReferenceRelativePath = Secret.xcconfig;
			buildSettings = {
				ASSETCATALOG_COMPILER_APPICON_NAME = AppIcon;
				ASSETCATALOG_COMPILER_GLOBAL_ACCENT_COLOR_NAME = AccentColor;
				CODE_SIGN_ENTITLEMENTS = CoreDisc/CoreDisc.entitlements;
				CODE_SIGN_IDENTITY = "Apple Development";
				CODE_SIGN_STYLE = Automatic;
				CURRENT_PROJECT_VERSION = 1;
				DEVELOPMENT_TEAM = G8X4BWGTSS;
				ENABLE_PREVIEWS = YES;
				GENERATE_INFOPLIST_FILE = YES;
				INFOPLIST_FILE = CoreDisc/Info.plist;
				INFOPLIST_KEY_UIApplicationSceneManifest_Generation = YES;
				INFOPLIST_KEY_UIApplicationSupportsIndirectInputEvents = YES;
				INFOPLIST_KEY_UILaunchScreen_Generation = YES;
				INFOPLIST_KEY_UISupportedInterfaceOrientations = UIInterfaceOrientationPortrait;
				INFOPLIST_KEY_UISupportedInterfaceOrientations_iPad = "UIInterfaceOrientationLandscapeLeft UIInterfaceOrientationLandscapeRight UIInterfaceOrientationPortrait UIInterfaceOrientationPortraitUpsideDown";
				INFOPLIST_KEY_UIUserInterfaceStyle = Light;
				LD_RUNPATH_SEARCH_PATHS = (
					"$(inherited)",
					"@executable_path/Frameworks",
				);
				MARKETING_VERSION = 1.0;
				PRODUCT_BUNDLE_IDENTIFIER = umc.coredisc.CoreDisc;
				PRODUCT_NAME = "$(TARGET_NAME)";
				PROVISIONING_PROFILE_SPECIFIER = "";
				SUPPORTED_PLATFORMS = "iphoneos iphonesimulator";
				SUPPORTS_MACCATALYST = NO;
				SUPPORTS_MAC_DESIGNED_FOR_IPHONE_IPAD = NO;
				SUPPORTS_XR_DESIGNED_FOR_IPHONE_IPAD = NO;
				SWIFT_EMIT_LOC_STRINGS = YES;
				SWIFT_VERSION = 5.0;
				TARGETED_DEVICE_FAMILY = 1;
			};
			name = Debug;
		};
		238562DB2E0F0E2F008F25B1 /* Release */ = {
			isa = XCBuildConfiguration;
			baseConfigurationReferenceAnchor = 238562D02E0F0E2E008F25B1 /* CoreDisc */;
			baseConfigurationReferenceRelativePath = Secret.xcconfig;
			buildSettings = {
				ASSETCATALOG_COMPILER_APPICON_NAME = AppIcon;
				ASSETCATALOG_COMPILER_GLOBAL_ACCENT_COLOR_NAME = AccentColor;
				CODE_SIGN_ENTITLEMENTS = CoreDisc/CoreDisc.entitlements;
				CODE_SIGN_IDENTITY = "Apple Development";
				CODE_SIGN_STYLE = Automatic;
				CURRENT_PROJECT_VERSION = 1;
				DEVELOPMENT_TEAM = G8X4BWGTSS;
				ENABLE_PREVIEWS = YES;
				GENERATE_INFOPLIST_FILE = YES;
				INFOPLIST_FILE = CoreDisc/Info.plist;
				INFOPLIST_KEY_UIApplicationSceneManifest_Generation = YES;
				INFOPLIST_KEY_UIApplicationSupportsIndirectInputEvents = YES;
				INFOPLIST_KEY_UILaunchScreen_Generation = YES;
				INFOPLIST_KEY_UISupportedInterfaceOrientations = UIInterfaceOrientationPortrait;
				INFOPLIST_KEY_UISupportedInterfaceOrientations_iPad = "UIInterfaceOrientationLandscapeLeft UIInterfaceOrientationLandscapeRight UIInterfaceOrientationPortrait UIInterfaceOrientationPortraitUpsideDown";
				INFOPLIST_KEY_UIUserInterfaceStyle = Light;
				LD_RUNPATH_SEARCH_PATHS = (
					"$(inherited)",
					"@executable_path/Frameworks",
				);
				MARKETING_VERSION = 1.0;
				PRODUCT_BUNDLE_IDENTIFIER = umc.coredisc.CoreDisc;
				PRODUCT_NAME = "$(TARGET_NAME)";
				PROVISIONING_PROFILE_SPECIFIER = "";
				SUPPORTED_PLATFORMS = "iphoneos iphonesimulator";
				SUPPORTS_MACCATALYST = NO;
				SUPPORTS_MAC_DESIGNED_FOR_IPHONE_IPAD = NO;
				SUPPORTS_XR_DESIGNED_FOR_IPHONE_IPAD = NO;
				SWIFT_EMIT_LOC_STRINGS = YES;
				SWIFT_VERSION = 5.0;
				TARGETED_DEVICE_FAMILY = 1;
			};
			name = Release;
		};
/* End XCBuildConfiguration section */

/* Begin XCConfigurationList section */
		238562C92E0F0E2E008F25B1 /* Build configuration list for PBXProject "CoreDisc" */ = {
			isa = XCConfigurationList;
			buildConfigurations = (
				238562D72E0F0E2F008F25B1 /* Debug */,
				238562D82E0F0E2F008F25B1 /* Release */,
			);
			defaultConfigurationIsVisible = 0;
			defaultConfigurationName = Release;
		};
		238562D92E0F0E2F008F25B1 /* Build configuration list for PBXNativeTarget "CoreDisc" */ = {
			isa = XCConfigurationList;
			buildConfigurations = (
				238562DA2E0F0E2F008F25B1 /* Debug */,
				238562DB2E0F0E2F008F25B1 /* Release */,
			);
			defaultConfigurationIsVisible = 0;
			defaultConfigurationName = Release;
		};
/* End XCConfigurationList section */

/* Begin XCRemoteSwiftPackageReference section */
		200939EA2E3BE20A0005A541 /* XCRemoteSwiftPackageReference "Moya" */ = {
			isa = XCRemoteSwiftPackageReference;
			repositoryURL = "https://github.com/Moya/Moya.git";
			requirement = {
				kind = upToNextMajorVersion;
				minimumVersion = 15.0.3;
			};
		};
		200939ED2E3BE2500005A541 /* XCRemoteSwiftPackageReference "kakao-ios-sdk" */ = {
			isa = XCRemoteSwiftPackageReference;
			repositoryURL = "https://github.com/kakao/kakao-ios-sdk";
			requirement = {
				kind = upToNextMajorVersion;
				minimumVersion = 2.24.6;
			};
		};
		238BB8122E16CEA100E7C5B8 /* XCRemoteSwiftPackageReference "Alamofire" */ = {
			isa = XCRemoteSwiftPackageReference;
			repositoryURL = "https://github.com/Alamofire/Alamofire";
			requirement = {
				kind = upToNextMajorVersion;
				minimumVersion = 5.10.2;
			};
		};
		238BB8152E16CEBE00E7C5B8 /* XCRemoteSwiftPackageReference "Kingfisher" */ = {
			isa = XCRemoteSwiftPackageReference;
			repositoryURL = "https://github.com/onevcat/Kingfisher";
			requirement = {
				kind = upToNextMajorVersion;
				minimumVersion = 8.4.0;
			};
		};
		441FBD812E3CD8C800B45DD0 /* XCRemoteSwiftPackageReference "firebase-ios-sdk" */ = {
			isa = XCRemoteSwiftPackageReference;
			repositoryURL = "https://github.com/firebase/firebase-ios-sdk";
			requirement = {
				kind = upToNextMajorVersion;
				minimumVersion = 12.0.0;
			};
		};
/* End XCRemoteSwiftPackageReference section */

/* Begin XCSwiftPackageProductDependency section */
		200939EB2E3BE20A0005A541 /* Moya */ = {
			isa = XCSwiftPackageProductDependency;
			package = 200939EA2E3BE20A0005A541 /* XCRemoteSwiftPackageReference "Moya" */;
			productName = Moya;
		};
		200939EE2E3BE2500005A541 /* KakaoSDK */ = {
			isa = XCSwiftPackageProductDependency;
			package = 200939ED2E3BE2500005A541 /* XCRemoteSwiftPackageReference "kakao-ios-sdk" */;
			productName = KakaoSDK;
		};
		200939F02E3BE2500005A541 /* KakaoSDKAuth */ = {
			isa = XCSwiftPackageProductDependency;
			package = 200939ED2E3BE2500005A541 /* XCRemoteSwiftPackageReference "kakao-ios-sdk" */;
			productName = KakaoSDKAuth;
		};
		200939F22E3BE2500005A541 /* KakaoSDKCommon */ = {
			isa = XCSwiftPackageProductDependency;
			package = 200939ED2E3BE2500005A541 /* XCRemoteSwiftPackageReference "kakao-ios-sdk" */;
			productName = KakaoSDKCommon;
		};
		20CCA2602E3C66FA00F87128 /* KakaoSDKCert */ = {
			isa = XCSwiftPackageProductDependency;
			package = 200939ED2E3BE2500005A541 /* XCRemoteSwiftPackageReference "kakao-ios-sdk" */;
			productName = KakaoSDKCert;
		};
		20CCA2622E3C66FA00F87128 /* KakaoSDKCertCore */ = {
			isa = XCSwiftPackageProductDependency;
			package = 200939ED2E3BE2500005A541 /* XCRemoteSwiftPackageReference "kakao-ios-sdk" */;
			productName = KakaoSDKCertCore;
		};
		232705BE2E4E461D0013A072 /* FirebaseCore */ = {
			isa = XCSwiftPackageProductDependency;
			package = 441FBD812E3CD8C800B45DD0 /* XCRemoteSwiftPackageReference "firebase-ios-sdk" */;
			productName = FirebaseCore;
		};
		232705C02E4E461D0013A072 /* FirebaseMessaging */ = {
			isa = XCSwiftPackageProductDependency;
			package = 441FBD812E3CD8C800B45DD0 /* XCRemoteSwiftPackageReference "firebase-ios-sdk" */;
			productName = FirebaseMessaging;
		};
		238BB8132E16CEA100E7C5B8 /* Alamofire */ = {
			isa = XCSwiftPackageProductDependency;
			package = 238BB8122E16CEA100E7C5B8 /* XCRemoteSwiftPackageReference "Alamofire" */;
			productName = Alamofire;
		};
		238BB8162E16CEBE00E7C5B8 /* Kingfisher */ = {
			isa = XCSwiftPackageProductDependency;
			package = 238BB8152E16CEBE00E7C5B8 /* XCRemoteSwiftPackageReference "Kingfisher" */;
			productName = Kingfisher;
		};
		441FBD822E3CD8C800B45DD0 /* FirebaseAnalytics */ = {
			isa = XCSwiftPackageProductDependency;
			package = 441FBD812E3CD8C800B45DD0 /* XCRemoteSwiftPackageReference "firebase-ios-sdk" */;
			productName = FirebaseAnalytics;
		};
/* End XCSwiftPackageProductDependency section */
	};
	rootObject = 238562C62E0F0E2E008F25B1 /* Project object */;
}
